
Microsoft Visual Studio Solution File, Format Version 12.00
Project("{FAE04EC0-301F-11D3-BF4B-00C04F79EFBC}") = "AetherFire23.Commons.Composition", "AetherFire23.Commons.Composition\AetherFire23.Commons.Composition.csproj", "{930D1CE9-B949-4233-A4A3-B06F029835CE}"
EndProject
Project("{FAE04EC0-301F-11D3-BF4B-00C04F79EFBC}") = "AetherFire23.Commons.Composition.tests", "AetherFire23.Commons.Composition.tests\AetherFire23.Commons.Composition.tests.csproj", "{705CCAF6-8954-417B-8C90-27EB4C75CB73}"
EndProject
Project("{FAE04EC0-301F-11D3-BF4B-00C04F79EFBC}") = "AetherFire23.Commons.Domain", "AetherFire23.Commons.Domain\AetherFire23.Commons.Domain.csproj", "{FEFD7CE7-532D-40A8-8F41-0439C6D4DF1A}"
EndProject
Project("{2150E333-8FDC-42A3-9474-1A3956D46DE8}") = "Composition", "Composition", "{DE27413F-8D2D-4E62-8D6F-16064FB4B0A3}"
EndProject
Project("{2150E333-8FDC-42A3-9474-1A3956D46DE8}") = "Testing", "Testing", "{4AD3E3E1-7265-4D31-BBB2-4C7D331E29E4}"
EndProject
Project("{FAE04EC0-301F-11D3-BF4B-00C04F79EFBC}") = "AetherFire23.Commons.Composition.DummyProject", "AetherFire23.Commons.Composition.DummyProject\AetherFire23.Commons.Composition.DummyProject.csproj", "{1DD7ACEE-07DE-442C-93F8-6FCEB10476F5}"
EndProject
Project("{2150E333-8FDC-42A3-9474-1A3956D46DE8}") = "Domain", "Domain", "{4F56FA30-900F-49A6-B5C0-44E67B999B9E}"
EndProject
Project("{FAE04EC0-301F-11D3-BF4B-00C04F79EFBC}") = "AetherFire23.Commons.Domain.Tests", "AetherFire23.Commons.Domain.Tests\AetherFire23.Commons.Domain.Tests.csproj", "{FF51D930-8532-4290-AD32-BF9330EBD45E}"
EndProject
Project("{FAE04EC0-301F-11D3-BF4B-00C04F79EFBC}") = "AetherFire23.Commons.Domain.DummyProject", "AetherFire23.Commons.Domain.DummyProject\AetherFire23.Commons.Domain.DummyProject.csproj", "{FA0D2C87-6747-41A1-9099-25D8DB997852}"
EndProject
Project("{2150E333-8FDC-42A3-9474-1A3956D46DE8}") = "EntityFramework", "EntityFramework", "{B52F9907-0ECC-42BD-B480-728A0EE5013E}"
EndProject
Project("{FAE04EC0-301F-11D3-BF4B-00C04F79EFBC}") = "AetherFire23.Commons.EntityFramework", "AetherFire23.Commons.EntityFramework\AetherFire23.Commons.EntityFramework.csproj", "{A38CBEB4-DA9F-4E2B-BE85-A4EECD69CB40}"
EndProject
Project("{2150E333-8FDC-42A3-9474-1A3956D46DE8}") = "Application", "Application", "{CAFFDDD4-F3D5-418A-A977-CA0D46AF483A}"
EndProject
Project("{FAE04EC0-301F-11D3-BF4B-00C04F79EFBC}") = "AetherFire23.Commons.Application", "AetherFire23.Commons.Application\AetherFire23.Commons.Application.csproj", "{F6E60A96-9786-4C2A-B684-70363E9AD699}"
EndProject
Project("{FAE04EC0-301F-11D3-BF4B-00C04F79EFBC}") = "AetherFire23.Commons.EntityFramework.Tests", "AetherFire23.Commons.EntityFramework.Tests\AetherFire23.Commons.EntityFramework.Tests.csproj", "{AA5C35B9-C3BF-49F9-A986-A6EC46B16A05}"
EndProject
Project("{FAE04EC0-301F-11D3-BF4B-00C04F79EFBC}") = "AetherFire23.Commons.EntityFramework.DummyModule1", "AetherFire23.Commons.EntityFramework.DummyModule1\AetherFire23.Commons.EntityFramework.DummyModule1.csproj", "{16BDC98E-5B9A-4863-AC68-36A7F3583FD2}"
EndProject
Project("{2150E333-8FDC-42A3-9474-1A3956D46DE8}") = "Testing", "Testing", "{4988810F-F888-4B6F-8F66-A0BC8A253BA7}"
EndProject
Project("{FAE04EC0-301F-11D3-BF4B-00C04F79EFBC}") = "AetherFire23.Commons.Testing", "AetherFire23.Commons.Testing\AetherFire23.Commons.Testing.csproj", "{81BD2911-E4C8-48FC-A4A6-F19B9C7FA5D2}"
EndProject
Project("{FAE04EC0-301F-11D3-BF4B-00C04F79EFBC}") = "AetherFire23.Commons.Testing.DummyTestingProject", "AetherFire23.Commons.Testing.DummyTestingProject\AetherFire23.Commons.Testing.DummyTestingProject.csproj", "{8D3FFEF9-D27D-4506-9CBC-BF5AAE913D42}"
EndProject
Project("{2150E333-8FDC-42A3-9474-1A3956D46DE8}") = "Reflection", "Reflection", "{BEF32131-B985-47E7-BC60-C74ECB609FFD}"
EndProject
Project("{FAE04EC0-301F-11D3-BF4B-00C04F79EFBC}") = "AetherFire23.Commons.Reflection", "AetherFire23.Commons.Reflection\AetherFire23.Commons.Reflection.csproj", "{EF58A9B0-C651-4E96-94D6-B4C63E4A0F9E}"
EndProject
Project("{FAE04EC0-301F-11D3-BF4B-00C04F79EFBC}") = "AetherFire23.EntityFramework.DummyModule2", "AetherFire23.EntityFramework.DummyModule2\AetherFire23.EntityFramework.DummyModule2.csproj", "{BC3C4D80-7DA5-4FB7-88BB-8DDE9B033743}"
EndProject
Project("{2150E333-8FDC-42A3-9474-1A3956D46DE8}") = "Api", "Api", "{710075B4-660A-418E-BA5B-1ED8E514F1DE}"
EndProject
Project("{FAE04EC0-301F-11D3-BF4B-00C04F79EFBC}") = "AetherFire23.Commons.Api", "AetherFire23.Commons.Api\AetherFire23.Commons.Api.csproj", "{B76043F7-ABE7-4923-9872-A000B619BB3F}"
EndProject
Project("{2150E333-8FDC-42A3-9474-1A3956D46DE8}") = "Seeding", "Seeding", "{07CB3577-B56A-43D1-B361-AC2AF0719A15}"
EndProject
Project("{FAE04EC0-301F-11D3-BF4B-00C04F79EFBC}") = "AetherFire23.Commons.Seeding", "AetherFire23.Commons.Seeding\AetherFire23.Commons.Seeding.csproj", "{6FECA440-5C86-4C40-8283-BADEEA2626ED}"
EndProject
Project("{FAE04EC0-301F-11D3-BF4B-00C04F79EFBC}") = "AetherFire23.Commons.Seeding.Tests", "AetherFire23.Commons.Seeding.Tests\AetherFire23.Commons.Seeding.Tests.csproj", "{58F9F07C-A385-4F09-9C7D-BF5412CEA2D0}"
EndProject
Project("{FAE04EC0-301F-11D3-BF4B-00C04F79EFBC}") = "AetherFire23.Commons.Scenarios.Tests", "AetherFire23.Commons.Scenarios.Tests\AetherFire23.Commons.Scenarios.Tests.csproj", "{6A4D2FBA-2AA5-406F-A219-2F2D1EA58F45}"
EndProject
Project("{FAE04EC0-301F-11D3-BF4B-00C04F79EFBC}") = "AetherFire23.Commons.Scenarios", "AetherFire23.Commons.Scenarios\AetherFire23.Commons.Scenarios.csproj", "{DA50D3D2-DA84-4096-BC15-230CC573A3BB}"
EndProject
Global
	GlobalSection(SolutionConfigurationPlatforms) = preSolution
		Debug|Any CPU = Debug|Any CPU
		Release|Any CPU = Release|Any CPU
	EndGlobalSection
	GlobalSection(ProjectConfigurationPlatforms) = postSolution
		{930D1CE9-B949-4233-A4A3-B06F029835CE}.Debug|Any CPU.ActiveCfg = Debug|Any CPU
		{930D1CE9-B949-4233-A4A3-B06F029835CE}.Debug|Any CPU.Build.0 = Debug|Any CPU
		{930D1CE9-B949-4233-A4A3-B06F029835CE}.Release|Any CPU.ActiveCfg = Release|Any CPU
		{930D1CE9-B949-4233-A4A3-B06F029835CE}.Release|Any CPU.Build.0 = Release|Any CPU
		{705CCAF6-8954-417B-8C90-27EB4C75CB73}.Debug|Any CPU.ActiveCfg = Debug|Any CPU
		{705CCAF6-8954-417B-8C90-27EB4C75CB73}.Debug|Any CPU.Build.0 = Debug|Any CPU
		{705CCAF6-8954-417B-8C90-27EB4C75CB73}.Release|Any CPU.ActiveCfg = Release|Any CPU
		{705CCAF6-8954-417B-8C90-27EB4C75CB73}.Release|Any CPU.Build.0 = Release|Any CPU
		{FEFD7CE7-532D-40A8-8F41-0439C6D4DF1A}.Debug|Any CPU.ActiveCfg = Debug|Any CPU
		{FEFD7CE7-532D-40A8-8F41-0439C6D4DF1A}.Debug|Any CPU.Build.0 = Debug|Any CPU
		{FEFD7CE7-532D-40A8-8F41-0439C6D4DF1A}.Release|Any CPU.ActiveCfg = Release|Any CPU
		{FEFD7CE7-532D-40A8-8F41-0439C6D4DF1A}.Release|Any CPU.Build.0 = Release|Any CPU
		{1DD7ACEE-07DE-442C-93F8-6FCEB10476F5}.Debug|Any CPU.ActiveCfg = Debug|Any CPU
		{1DD7ACEE-07DE-442C-93F8-6FCEB10476F5}.Debug|Any CPU.Build.0 = Debug|Any CPU
		{1DD7ACEE-07DE-442C-93F8-6FCEB10476F5}.Release|Any CPU.ActiveCfg = Release|Any CPU
		{1DD7ACEE-07DE-442C-93F8-6FCEB10476F5}.Release|Any CPU.Build.0 = Release|Any CPU
		{FF51D930-8532-4290-AD32-BF9330EBD45E}.Debug|Any CPU.ActiveCfg = Debug|Any CPU
		{FF51D930-8532-4290-AD32-BF9330EBD45E}.Debug|Any CPU.Build.0 = Debug|Any CPU
		{FF51D930-8532-4290-AD32-BF9330EBD45E}.Release|Any CPU.ActiveCfg = Release|Any CPU
		{FF51D930-8532-4290-AD32-BF9330EBD45E}.Release|Any CPU.Build.0 = Release|Any CPU
		{FA0D2C87-6747-41A1-9099-25D8DB997852}.Debug|Any CPU.ActiveCfg = Debug|Any CPU
		{FA0D2C87-6747-41A1-9099-25D8DB997852}.Debug|Any CPU.Build.0 = Debug|Any CPU
		{FA0D2C87-6747-41A1-9099-25D8DB997852}.Release|Any CPU.ActiveCfg = Release|Any CPU
		{FA0D2C87-6747-41A1-9099-25D8DB997852}.Release|Any CPU.Build.0 = Release|Any CPU
		{A38CBEB4-DA9F-4E2B-BE85-A4EECD69CB40}.Debug|Any CPU.ActiveCfg = Debug|Any CPU
		{A38CBEB4-DA9F-4E2B-BE85-A4EECD69CB40}.Debug|Any CPU.Build.0 = Debug|Any CPU
		{A38CBEB4-DA9F-4E2B-BE85-A4EECD69CB40}.Release|Any CPU.ActiveCfg = Release|Any CPU
		{A38CBEB4-DA9F-4E2B-BE85-A4EECD69CB40}.Release|Any CPU.Build.0 = Release|Any CPU
		{F6E60A96-9786-4C2A-B684-70363E9AD699}.Debug|Any CPU.ActiveCfg = Debug|Any CPU
		{F6E60A96-9786-4C2A-B684-70363E9AD699}.Debug|Any CPU.Build.0 = Debug|Any CPU
		{F6E60A96-9786-4C2A-B684-70363E9AD699}.Release|Any CPU.ActiveCfg = Release|Any CPU
		{F6E60A96-9786-4C2A-B684-70363E9AD699}.Release|Any CPU.Build.0 = Release|Any CPU
		{AA5C35B9-C3BF-49F9-A986-A6EC46B16A05}.Debug|Any CPU.ActiveCfg = Debug|Any CPU
		{AA5C35B9-C3BF-49F9-A986-A6EC46B16A05}.Debug|Any CPU.Build.0 = Debug|Any CPU
		{AA5C35B9-C3BF-49F9-A986-A6EC46B16A05}.Release|Any CPU.ActiveCfg = Release|Any CPU
		{AA5C35B9-C3BF-49F9-A986-A6EC46B16A05}.Release|Any CPU.Build.0 = Release|Any CPU
		{16BDC98E-5B9A-4863-AC68-36A7F3583FD2}.Debug|Any CPU.ActiveCfg = Debug|Any CPU
		{16BDC98E-5B9A-4863-AC68-36A7F3583FD2}.Debug|Any CPU.Build.0 = Debug|Any CPU
		{16BDC98E-5B9A-4863-AC68-36A7F3583FD2}.Release|Any CPU.ActiveCfg = Release|Any CPU
		{16BDC98E-5B9A-4863-AC68-36A7F3583FD2}.Release|Any CPU.Build.0 = Release|Any CPU
		{81BD2911-E4C8-48FC-A4A6-F19B9C7FA5D2}.Debug|Any CPU.ActiveCfg = Debug|Any CPU
		{81BD2911-E4C8-48FC-A4A6-F19B9C7FA5D2}.Debug|Any CPU.Build.0 = Debug|Any CPU
		{81BD2911-E4C8-48FC-A4A6-F19B9C7FA5D2}.Release|Any CPU.ActiveCfg = Release|Any CPU
		{81BD2911-E4C8-48FC-A4A6-F19B9C7FA5D2}.Release|Any CPU.Build.0 = Release|Any CPU
		{8D3FFEF9-D27D-4506-9CBC-BF5AAE913D42}.Debug|Any CPU.ActiveCfg = Debug|Any CPU
		{8D3FFEF9-D27D-4506-9CBC-BF5AAE913D42}.Debug|Any CPU.Build.0 = Debug|Any CPU
		{8D3FFEF9-D27D-4506-9CBC-BF5AAE913D42}.Release|Any CPU.ActiveCfg = Release|Any CPU
		{8D3FFEF9-D27D-4506-9CBC-BF5AAE913D42}.Release|Any CPU.Build.0 = Release|Any CPU
		{EF58A9B0-C651-4E96-94D6-B4C63E4A0F9E}.Debug|Any CPU.ActiveCfg = Debug|Any CPU
		{EF58A9B0-C651-4E96-94D6-B4C63E4A0F9E}.Debug|Any CPU.Build.0 = Debug|Any CPU
		{EF58A9B0-C651-4E96-94D6-B4C63E4A0F9E}.Release|Any CPU.ActiveCfg = Release|Any CPU
		{EF58A9B0-C651-4E96-94D6-B4C63E4A0F9E}.Release|Any CPU.Build.0 = Release|Any CPU
		{BC3C4D80-7DA5-4FB7-88BB-8DDE9B033743}.Debug|Any CPU.ActiveCfg = Debug|Any CPU
		{BC3C4D80-7DA5-4FB7-88BB-8DDE9B033743}.Debug|Any CPU.Build.0 = Debug|Any CPU
		{BC3C4D80-7DA5-4FB7-88BB-8DDE9B033743}.Release|Any CPU.ActiveCfg = Release|Any CPU
		{BC3C4D80-7DA5-4FB7-88BB-8DDE9B033743}.Release|Any CPU.Build.0 = Release|Any CPU
		{B76043F7-ABE7-4923-9872-A000B619BB3F}.Debug|Any CPU.ActiveCfg = Debug|Any CPU
		{B76043F7-ABE7-4923-9872-A000B619BB3F}.Debug|Any CPU.Build.0 = Debug|Any CPU
		{B76043F7-ABE7-4923-9872-A000B619BB3F}.Release|Any CPU.ActiveCfg = Release|Any CPU
		{B76043F7-ABE7-4923-9872-A000B619BB3F}.Release|Any CPU.Build.0 = Release|Any CPU
		{6FECA440-5C86-4C40-8283-BADEEA2626ED}.Debug|Any CPU.ActiveCfg = Debug|Any CPU
		{6FECA440-5C86-4C40-8283-BADEEA2626ED}.Debug|Any CPU.Build.0 = Debug|Any CPU
		{6FECA440-5C86-4C40-8283-BADEEA2626ED}.Release|Any CPU.ActiveCfg = Release|Any CPU
		{6FECA440-5C86-4C40-8283-BADEEA2626ED}.Release|Any CPU.Build.0 = Release|Any CPU
		{58F9F07C-A385-4F09-9C7D-BF5412CEA2D0}.Debug|Any CPU.ActiveCfg = Debug|Any CPU
		{58F9F07C-A385-4F09-9C7D-BF5412CEA2D0}.Debug|Any CPU.Build.0 = Debug|Any CPU
		{58F9F07C-A385-4F09-9C7D-BF5412CEA2D0}.Release|Any CPU.ActiveCfg = Release|Any CPU
		{58F9F07C-A385-4F09-9C7D-BF5412CEA2D0}.Release|Any CPU.Build.0 = Release|Any CPU
		{6A4D2FBA-2AA5-406F-A219-2F2D1EA58F45}.Debug|Any CPU.ActiveCfg = Debug|Any CPU
		{6A4D2FBA-2AA5-406F-A219-2F2D1EA58F45}.Debug|Any CPU.Build.0 = Debug|Any CPU
		{6A4D2FBA-2AA5-406F-A219-2F2D1EA58F45}.Release|Any CPU.ActiveCfg = Release|Any CPU
		{6A4D2FBA-2AA5-406F-A219-2F2D1EA58F45}.Release|Any CPU.Build.0 = Release|Any CPU
		{DA50D3D2-DA84-4096-BC15-230CC573A3BB}.Debug|Any CPU.ActiveCfg = Debug|Any CPU
		{DA50D3D2-DA84-4096-BC15-230CC573A3BB}.Debug|Any CPU.Build.0 = Debug|Any CPU
		{DA50D3D2-DA84-4096-BC15-230CC573A3BB}.Release|Any CPU.ActiveCfg = Release|Any CPU
		{DA50D3D2-DA84-4096-BC15-230CC573A3BB}.Release|Any CPU.Build.0 = Release|Any CPU
	EndGlobalSection
	GlobalSection(NestedProjects) = preSolution
		{4AD3E3E1-7265-4D31-BBB2-4C7D331E29E4} = {DE27413F-8D2D-4E62-8D6F-16064FB4B0A3}
		{930D1CE9-B949-4233-A4A3-B06F029835CE} = {DE27413F-8D2D-4E62-8D6F-16064FB4B0A3}
		{1DD7ACEE-07DE-442C-93F8-6FCEB10476F5} = {4AD3E3E1-7265-4D31-BBB2-4C7D331E29E4}
		{705CCAF6-8954-417B-8C90-27EB4C75CB73} = {4AD3E3E1-7265-4D31-BBB2-4C7D331E29E4}
		{FEFD7CE7-532D-40A8-8F41-0439C6D4DF1A} = {4F56FA30-900F-49A6-B5C0-44E67B999B9E}
		{FF51D930-8532-4290-AD32-BF9330EBD45E} = {4F56FA30-900F-49A6-B5C0-44E67B999B9E}
		{FA0D2C87-6747-41A1-9099-25D8DB997852} = {4F56FA30-900F-49A6-B5C0-44E67B999B9E}
		{A38CBEB4-DA9F-4E2B-BE85-A4EECD69CB40} = {B52F9907-0ECC-42BD-B480-728A0EE5013E}
		{F6E60A96-9786-4C2A-B684-70363E9AD699} = {CAFFDDD4-F3D5-418A-A977-CA0D46AF483A}
		{AA5C35B9-C3BF-49F9-A986-A6EC46B16A05} = {B52F9907-0ECC-42BD-B480-728A0EE5013E}
		{16BDC98E-5B9A-4863-AC68-36A7F3583FD2} = {B52F9907-0ECC-42BD-B480-728A0EE5013E}
		{81BD2911-E4C8-48FC-A4A6-F19B9C7FA5D2} = {4988810F-F888-4B6F-8F66-A0BC8A253BA7}
		{8D3FFEF9-D27D-4506-9CBC-BF5AAE913D42} = {4988810F-F888-4B6F-8F66-A0BC8A253BA7}
		{EF58A9B0-C651-4E96-94D6-B4C63E4A0F9E} = {BEF32131-B985-47E7-BC60-C74ECB609FFD}
		{BC3C4D80-7DA5-4FB7-88BB-8DDE9B033743} = {B52F9907-0ECC-42BD-B480-728A0EE5013E}
		{B76043F7-ABE7-4923-9872-A000B619BB3F} = {710075B4-660A-418E-BA5B-1ED8E514F1DE}
		{6FECA440-5C86-4C40-8283-BADEEA2626ED} = {07CB3577-B56A-43D1-B361-AC2AF0719A15}
		{58F9F07C-A385-4F09-9C7D-BF5412CEA2D0} = {07CB3577-B56A-43D1-B361-AC2AF0719A15}
		{6A4D2FBA-2AA5-406F-A219-2F2D1EA58F45} = {07CB3577-B56A-43D1-B361-AC2AF0719A15}
		{DA50D3D2-DA84-4096-BC15-230CC573A3BB} = {07CB3577-B56A-43D1-B361-AC2AF0719A15}
	EndGlobalSection
EndGlobal
